
Microsoft Visual Studio Solution File, Format Version 12.00
# Visual Studio 2012
Project("{f2a71f9b-5d33-465a-a702-920d77279786}") = "Monodoc.Razor", "Monodoc.Razor\Monodoc.Razor.fsproj", "{CD68B6D6-A47D-4DEC-A376-A4608E51DB19}"
EndProject
Project("{f2a71f9b-5d33-465a-a702-920d77279786}") = "Monodoc.Razor.Tests", "Monodoc.Razor.Tests\Monodoc.Razor.Tests.fsproj", "{17155A43-5B00-431A-A15F-20CBE8340453}"
EndProject
Global
	GlobalSection(SolutionConfigurationPlatforms) = preSolution
		Debug|Any CPU = Debug|Any CPU
		Release|Any CPU = Release|Any CPU
	EndGlobalSection
	GlobalSection(ProjectConfigurationPlatforms) = postSolution
		{CD68B6D6-A47D-4DEC-A376-A4608E51DB19}.Debug|Any CPU.ActiveCfg = Debug|Any CPU
		{CD68B6D6-A47D-4DEC-A376-A4608E51DB19}.Debug|Any CPU.Build.0 = Debug|Any CPU
		{CD68B6D6-A47D-4DEC-A376-A4608E51DB19}.Release|Any CPU.ActiveCfg = Release|Any CPU
		{CD68B6D6-A47D-4DEC-A376-A4608E51DB19}.Release|Any CPU.Build.0 = Release|Any CPU
		{17155A43-5B00-431A-A15F-20CBE8340453}.Debug|Any CPU.ActiveCfg = Debug|Any CPU
		{17155A43-5B00-431A-A15F-20CBE8340453}.Debug|Any CPU.Build.0 = Debug|Any CPU
		{17155A43-5B00-431A-A15F-20CBE8340453}.Release|Any CPU.ActiveCfg = Release|Any CPU
		{17155A43-5B00-431A-A15F-20CBE8340453}.Release|Any CPU.Build.0 = Release|Any CPU
	EndGlobalSection
EndGlobal
